
Microsoft Visual Studio Solution File, Format Version 12.00
Project("{FAE04EC0-301F-11D3-BF4B-00C04F79EFBC}") = "Coop", "Coop.csproj", "{DB8FE41D-8056-4F84-8DD5-906799ECBF93}"
EndProject
Global
	GlobalSection(SolutionConfigurationPlatforms) = preSolution
		Debug|Any CPU = Debug|Any CPU
		Release|Any CPU = Release|Any CPU
	EndGlobalSection
	GlobalSection(ProjectConfigurationPlatforms) = postSolution
		{DB8FE41D-8056-4F84-8DD5-906799ECBF93}.Debug|Any CPU.ActiveCfg = Debug|Any CPU
		{DB8FE41D-8056-4F84-8DD5-906799ECBF93}.Debug|Any CPU.Build.0 = Debug|Any CPU
		{DB8FE41D-8056-4F84-8DD5-906799ECBF93}.Release|Any CPU.ActiveCfg = Release|Any CPU
		{DB8FE41D-8056-4F84-8DD5-906799ECBF93}.Release|Any CPU.Build.0 = Release|Any CPU
	EndGlobalSection
EndGlobal
